
Microsoft Visual Studio Solution File, Format Version 12.00
# Visual Studio Version 16
VisualStudioVersion = 16.0.29503.13
MinimumVisualStudioVersion = 10.0.40219.1
Project("{FAE04EC0-301F-11D3-BF4B-00C04F79EFBC}") = "SwitchCase", "SwitchCase\SwitchCase.csproj", "{94DD42A9-0112-48A4-84E3-0D1AEDEA14A4}"
EndProject
Global
	GlobalSection(SolutionConfigurationPlatforms) = preSolution
		Debug|Any CPU = Debug|Any CPU
		Release|Any CPU = Release|Any CPU
	EndGlobalSection
	GlobalSection(ProjectConfigurationPlatforms) = postSolution
		{94DD42A9-0112-48A4-84E3-0D1AEDEA14A4}.Debug|Any CPU.ActiveCfg = Debug|Any CPU
		{94DD42A9-0112-48A4-84E3-0D1AEDEA14A4}.Debug|Any CPU.Build.0 = Debug|Any CPU
		{94DD42A9-0112-48A4-84E3-0D1AEDEA14A4}.Release|Any CPU.ActiveCfg = Release|Any CPU
		{94DD42A9-0112-48A4-84E3-0D1AEDEA14A4}.Release|Any CPU.Build.0 = Release|Any CPU
	EndGlobalSection
	GlobalSection(SolutionProperties) = preSolution
		HideSolutionNode = FALSE
	EndGlobalSection
	GlobalSection(ExtensibilityGlobals) = postSolution
		SolutionGuid = {0DB521C8-8D26-4F28-BD7C-5E0C13370FBF}
	EndGlobalSection
EndGlobal
