
Microsoft Visual Studio Solution File, Format Version 12.00
# Visual Studio Version 16
VisualStudioVersion = 16.0.29503.13
MinimumVisualStudioVersion = 10.0.40219.1
Project("{FAE04EC0-301F-11D3-BF4B-00C04F79EFBC}") = "SwitchOrnekler", "SwitchOrnekler\SwitchOrnekler.csproj", "{BE0DDD1B-01AB-4D4A-ADA8-E55602DC2060}"
EndProject
Global
	GlobalSection(SolutionConfigurationPlatforms) = preSolution
		Debug|Any CPU = Debug|Any CPU
		Release|Any CPU = Release|Any CPU
	EndGlobalSection
	GlobalSection(ProjectConfigurationPlatforms) = postSolution
		{BE0DDD1B-01AB-4D4A-ADA8-E55602DC2060}.Debug|Any CPU.ActiveCfg = Debug|Any CPU
		{BE0DDD1B-01AB-4D4A-ADA8-E55602DC2060}.Debug|Any CPU.Build.0 = Debug|Any CPU
		{BE0DDD1B-01AB-4D4A-ADA8-E55602DC2060}.Release|Any CPU.ActiveCfg = Release|Any CPU
		{BE0DDD1B-01AB-4D4A-ADA8-E55602DC2060}.Release|Any CPU.Build.0 = Release|Any CPU
	EndGlobalSection
	GlobalSection(SolutionProperties) = preSolution
		HideSolutionNode = FALSE
	EndGlobalSection
	GlobalSection(ExtensibilityGlobals) = postSolution
		SolutionGuid = {14D3F46B-70E3-40E9-BF68-A9B25EC57B44}
	EndGlobalSection
EndGlobal
